
Microsoft Visual Studio Solution File, Format Version 12.00
# Visual Studio Version 17
VisualStudioVersion = 17.14.37301.10 d17.14
MinimumVisualStudioVersion = 10.0.40219.1
Project("{FAE04EC0-301F-11D3-BF4B-00C04F79EFBC}") = "LatexStudio", "LatexStudio.csproj", "{24AC2C7E-CC2A-87C8-217D-9ABF1CD9F422}"
EndProject
Global
	GlobalSection(SolutionConfigurationPlatforms) = preSolution
		Debug|Any CPU = Debug|Any CPU
		Release|Any CPU = Release|Any CPU
	EndGlobalSection
	GlobalSection(ProjectConfigurationPlatforms) = postSolution
		{24AC2C7E-CC2A-87C8-217D-9ABF1CD9F422}.Debug|Any CPU.ActiveCfg = Debug|Any CPU
		{24AC2C7E-CC2A-87C8-217D-9ABF1CD9F422}.Debug|Any CPU.Build.0 = Debug|Any CPU
		{24AC2C7E-CC2A-87C8-217D-9ABF1CD9F422}.Release|Any CPU.ActiveCfg = Release|Any CPU
		{24AC2C7E-CC2A-87C8-217D-9ABF1CD9F422}.Release|Any CPU.Build.0 = Release|Any CPU
	EndGlobalSection
	GlobalSection(SolutionProperties) = preSolution
		HideSolutionNode = FALSE
	EndGlobalSection
	GlobalSection(ExtensibilityGlobals) = postSolution
		SolutionGuid = {2B0882B2-9AEF-4FED-B995-31ACF66FF9DF}
	EndGlobalSection
EndGlobal
